{
  "name": "meteo-aitor-bermeo",
  "version": "10.156.0",
  "lockfileVersion": 3,
  "requires": true,
  "packages": {
    "": {
      "name": "meteo-aitor-bermeo",
      "version": "10.156.0",
      "dependencies": {
        "grib2class": "1.0.7",
        "pngjs": "7.0.0"
      }
    },
    "node_modules/grib2class": {
      "version": "1.0.7",
      "resolved": "https://registry.npmjs.org/grib2class/-/grib2class-1.0.7.tgz",
      "integrity": "sha512-r9ZML6c7VIL+K5qaig/pzaHFS0CQXMaiZaEg2RjC4zbgY9dah3amyut8tMtAm+A1labNLB9f3hVg+RAiMxcxGA==",
      "license": "MIT"
    },
    "node_modules/pngjs": {
      "version": "7.0.0",
      "resolved": "https://registry.npmjs.org/pngjs/-/pngjs-7.0.0.tgz",
      "integrity": "sha512-LKWqWJRhstyYo9pGvgor/ivk2w94eSjE3RGVuzLGlr3NmD8bf7RcYGze1mNdEHRP6TRP6rMuDHk5t44hnTRyow==",
      "license": "MIT",
      "engines": {
        "node": ">=14.19.0"
      }
    }
  }
}
